
Microsoft Visual Studio Solution File, Format Version 12.00
# Visual Studio Version 17
VisualStudioVersion = 17.8.34330.188
MinimumVisualStudioVersion = 10.0.40219.1
Project("{FAE04EC0-301F-11D3-BF4B-00C04F79EFBC}") = "MVCIntroDemo", "MVCIntroDemo\MVCIntroDemo.csproj", "{A3F5D6D6-B3E1-4D83-9E1F-A22A141E0559}"
EndProject
Global
	GlobalSection(SolutionConfigurationPlatforms) = preSolution
		Debug|Any CPU = Debug|Any CPU
		Release|Any CPU = Release|Any CPU
	EndGlobalSection
	GlobalSection(ProjectConfigurationPlatforms) = postSolution
		{A3F5D6D6-B3E1-4D83-9E1F-A22A141E0559}.Debug|Any CPU.ActiveCfg = Debug|Any CPU
		{A3F5D6D6-B3E1-4D83-9E1F-A22A141E0559}.Debug|Any CPU.Build.0 = Debug|Any CPU
		{A3F5D6D6-B3E1-4D83-9E1F-A22A141E0559}.Release|Any CPU.ActiveCfg = Release|Any CPU
		{A3F5D6D6-B3E1-4D83-9E1F-A22A141E0559}.Release|Any CPU.Build.0 = Release|Any CPU
	EndGlobalSection
	GlobalSection(SolutionProperties) = preSolution
		HideSolutionNode = FALSE
	EndGlobalSection
	GlobalSection(ExtensibilityGlobals) = postSolution
		SolutionGuid = {6F70C923-C70A-408B-A0EC-1396B1B76BF2}
	EndGlobalSection
EndGlobal
